Microsoft Visual Studio Solution File, Format Version 11.00
# Visual Studio 2008

Project("{655EAB05-2BA9-D4BB-8814-59200278CB8F}") = "Post Processing Demo", "Assembly-CSharp-firstpass.csproj", "{04E05D18-C60C-AB79-55F6-A5073266EF64}"
EndProject
Project("{655EAB05-2BA9-D4BB-8814-59200278CB8F}") = "Post Processing Demo", "Assembly-CSharp.csproj", "{BBB69572-511E-BD14-48B0-8155ED784D91}"
EndProject
Project("{655EAB05-2BA9-D4BB-8814-59200278CB8F}") = "Post Processing Demo", "Assembly-CSharp-Editor-firstpass.csproj", "{03228AEF-5297-0880-F84E-C0B6C867091A}"
EndProject
Global
	GlobalSection(SolutionConfigurationPlatforms) = preSolution
		Debug|Any CPU = Debug|Any CPU
		Release|Any CPU = Release|Any CPU
	EndGlobalSection
	GlobalSection(ProjectConfigurationPlatforms) = postSolution
		{04E05D18-C60C-AB79-55F6-A5073266EF64}.Debug|Any CPU.ActiveCfg = Debug|Any CPU
		{04E05D18-C60C-AB79-55F6-A5073266EF64}.Debug|Any CPU.Build.0 = Debug|Any CPU
		{04E05D18-C60C-AB79-55F6-A5073266EF64}.Release|Any CPU.ActiveCfg = Release|Any CPU
		{04E05D18-C60C-AB79-55F6-A5073266EF64}.Release|Any CPU.Build.0 = Release|Any CPU
		{BBB69572-511E-BD14-48B0-8155ED784D91}.Debug|Any CPU.ActiveCfg = Debug|Any CPU
		{BBB69572-511E-BD14-48B0-8155ED784D91}.Debug|Any CPU.Build.0 = Debug|Any CPU
		{BBB69572-511E-BD14-48B0-8155ED784D91}.Release|Any CPU.ActiveCfg = Release|Any CPU
		{BBB69572-511E-BD14-48B0-8155ED784D91}.Release|Any CPU.Build.0 = Release|Any CPU
		{03228AEF-5297-0880-F84E-C0B6C867091A}.Debug|Any CPU.ActiveCfg = Debug|Any CPU
		{03228AEF-5297-0880-F84E-C0B6C867091A}.Debug|Any CPU.Build.0 = Debug|Any CPU
		{03228AEF-5297-0880-F84E-C0B6C867091A}.Release|Any CPU.ActiveCfg = Release|Any CPU
		{03228AEF-5297-0880-F84E-C0B6C867091A}.Release|Any CPU.Build.0 = Release|Any CPU
	EndGlobalSection
	GlobalSection(SolutionProperties) = preSolution
		HideSolutionNode = FALSE
	EndGlobalSection
	GlobalSection(MonoDevelopProperties) = preSolution
		StartupItem = Assembly-CSharp.csproj
	EndGlobalSection
EndGlobal
